
Microsoft Visual Studio Solution File, Format Version 12.00
# Visual Studio Version 17
VisualStudioVersion = 17.3.32825.248
MinimumVisualStudioVersion = 10.0.40219.1
Project("{9A19103F-16F7-4668-BE54-9A1E7A4F7556}") = "TP", "TP\TP.csproj", "{3AE68CD6-F4C2-4388-B6E7-8E07E52283BF}"
EndProject
Project("{9A19103F-16F7-4668-BE54-9A1E7A4F7556}") = "PL", "PL\PL.csproj", "{3DD30DD7-8901-49C8-92BF-CA37B047203B}"
EndProject
Project("{9A19103F-16F7-4668-BE54-9A1E7A4F7556}") = "BLL", "BLL\BLL.csproj", "{F3B89BB5-55BC-42B2-8274-A6A091CD6FA9}"
EndProject
Project("{9A19103F-16F7-4668-BE54-9A1E7A4F7556}") = "DAL", "DAL\DAL.csproj", "{D11D6DCE-637E-4E11-B536-E8386A1D81D4}"
EndProject
Project("{9A19103F-16F7-4668-BE54-9A1E7A4F7556}") = "PLInput", "PLInput\PLInput.csproj", "{E5108B00-0E77-4F60-8707-FE43915F6E1F}"
EndProject
Global
	GlobalSection(SolutionConfigurationPlatforms) = preSolution
		Debug|Any CPU = Debug|Any CPU
		Release|Any CPU = Release|Any CPU
	EndGlobalSection
	GlobalSection(ProjectConfigurationPlatforms) = postSolution
		{3AE68CD6-F4C2-4388-B6E7-8E07E52283BF}.Debug|Any CPU.ActiveCfg = Debug|Any CPU
		{3AE68CD6-F4C2-4388-B6E7-8E07E52283BF}.Debug|Any CPU.Build.0 = Debug|Any CPU
		{3AE68CD6-F4C2-4388-B6E7-8E07E52283BF}.Release|Any CPU.ActiveCfg = Release|Any CPU
		{3AE68CD6-F4C2-4388-B6E7-8E07E52283BF}.Release|Any CPU.Build.0 = Release|Any CPU
		{3DD30DD7-8901-49C8-92BF-CA37B047203B}.Debug|Any CPU.ActiveCfg = Debug|Any CPU
		{3DD30DD7-8901-49C8-92BF-CA37B047203B}.Debug|Any CPU.Build.0 = Debug|Any CPU
		{3DD30DD7-8901-49C8-92BF-CA37B047203B}.Release|Any CPU.ActiveCfg = Release|Any CPU
		{3DD30DD7-8901-49C8-92BF-CA37B047203B}.Release|Any CPU.Build.0 = Release|Any CPU
		{F3B89BB5-55BC-42B2-8274-A6A091CD6FA9}.Debug|Any CPU.ActiveCfg = Debug|Any CPU
		{F3B89BB5-55BC-42B2-8274-A6A091CD6FA9}.Debug|Any CPU.Build.0 = Debug|Any CPU
		{F3B89BB5-55BC-42B2-8274-A6A091CD6FA9}.Release|Any CPU.ActiveCfg = Release|Any CPU
		{F3B89BB5-55BC-42B2-8274-A6A091CD6FA9}.Release|Any CPU.Build.0 = Release|Any CPU
		{D11D6DCE-637E-4E11-B536-E8386A1D81D4}.Debug|Any CPU.ActiveCfg = Debug|Any CPU
		{D11D6DCE-637E-4E11-B536-E8386A1D81D4}.Debug|Any CPU.Build.0 = Debug|Any CPU
		{D11D6DCE-637E-4E11-B536-E8386A1D81D4}.Release|Any CPU.ActiveCfg = Release|Any CPU
		{D11D6DCE-637E-4E11-B536-E8386A1D81D4}.Release|Any CPU.Build.0 = Release|Any CPU
		{E5108B00-0E77-4F60-8707-FE43915F6E1F}.Debug|Any CPU.ActiveCfg = Debug|Any CPU
		{E5108B00-0E77-4F60-8707-FE43915F6E1F}.Debug|Any CPU.Build.0 = Debug|Any CPU
		{E5108B00-0E77-4F60-8707-FE43915F6E1F}.Release|Any CPU.ActiveCfg = Release|Any CPU
		{E5108B00-0E77-4F60-8707-FE43915F6E1F}.Release|Any CPU.Build.0 = Release|Any CPU
	EndGlobalSection
	GlobalSection(SolutionProperties) = preSolution
		HideSolutionNode = FALSE
	EndGlobalSection
	GlobalSection(ExtensibilityGlobals) = postSolution
		SolutionGuid = {AF4667A5-35C2-4C6E-9403-F943984E2624}
	EndGlobalSection
EndGlobal
